
Microsoft Visual Studio Solution File, Format Version 12.00
# Visual Studio Version 17
VisualStudioVersion = 17.5.002.0
MinimumVisualStudioVersion = 10.0.40219.1
Project("{9A19103F-16F7-4668-BE54-9A1E7A4F7556}") = "Task1", "Task1\Task1.csproj", "{CA0B6F6C-ADA4-4E3E-95B8-E32C91B2683D}"
EndProject
Global
	GlobalSection(SolutionConfigurationPlatforms) = preSolution
		Debug|Any CPU = Debug|Any CPU
		Release|Any CPU = Release|Any CPU
	EndGlobalSection
	GlobalSection(ProjectConfigurationPlatforms) = postSolution
		{CA0B6F6C-ADA4-4E3E-95B8-E32C91B2683D}.Debug|Any CPU.ActiveCfg = Debug|Any CPU
		{CA0B6F6C-ADA4-4E3E-95B8-E32C91B2683D}.Debug|Any CPU.Build.0 = Debug|Any CPU
		{CA0B6F6C-ADA4-4E3E-95B8-E32C91B2683D}.Release|Any CPU.ActiveCfg = Release|Any CPU
		{CA0B6F6C-ADA4-4E3E-95B8-E32C91B2683D}.Release|Any CPU.Build.0 = Release|Any CPU
	EndGlobalSection
	GlobalSection(SolutionProperties) = preSolution
		HideSolutionNode = FALSE
	EndGlobalSection
	GlobalSection(ExtensibilityGlobals) = postSolution
		SolutionGuid = {293578DB-B2FC-4B7C-B733-1ECD64705090}
	EndGlobalSection
EndGlobal
